
Microsoft Visual Studio Solution File, Format Version 12.00
# Visual Studio 14
VisualStudioVersion = 14.0.25420.1
MinimumVisualStudioVersion = 10.0.40219.1
Project("{FAE04EC0-301F-11D3-BF4B-00C04F79EFBC}") = "SwDeviceIpc", "SwDeviceIpc\SwDeviceIpc.csproj", "{9F56D2DA-4EA6-4B44-B43B-A8F82BC601D0}"
EndProject
Project("{FAE04EC0-301F-11D3-BF4B-00C04F79EFBC}") = "WindowsTest", "WindowsTest\WindowsTest.csproj", "{C2EBA1A9-EAD6-46C8-802D-4268F304E111}"
EndProject
Project("{FAE04EC0-301F-11D3-BF4B-00C04F79EFBC}") = "Modelo", "Modelo\Modelo.csproj", "{191B23BC-32A1-468A-8C73-FDF13865EFAB}"
EndProject
Project("{FAE04EC0-301F-11D3-BF4B-00C04F79EFBC}") = "Axede.Xynthesis.ConnectToDBIpc", "Axede.Xynthesis.ConnectToDBIpc\Axede.Xynthesis.ConnectToDBIpc.csproj", "{00D02465-7021-4980-90AA-C751BDE153F9}"
EndProject
Project("{FAE04EC0-301F-11D3-BF4B-00C04F79EFBC}") = "ServicioXynthesis.Utilidades", "ServicioXynthesis.Utilidades\ServicioXynthesis.Utilidades.csproj", "{240EEBA1-5731-4E2D-9A60-599B7E41F86C}"
EndProject
Project("{FAE04EC0-301F-11D3-BF4B-00C04F79EFBC}") = "ServicioXynthesis", "ServicioXynthesis\ServicioXynthesis.csproj", "{4F22AFFD-0FEC-4FA7-8FA5-6D727ABD7657}"
EndProject
Project("{FAE04EC0-301F-11D3-BF4B-00C04F79EFBC}") = "Axede.Xynthesis.Process", "Axede.Xynthesis.Process\Axede.Xynthesis.Process.csproj", "{79AE3C59-549A-4ECC-BECD-E19D9EEDA411}"
EndProject
Project("{54435603-DBB4-11D2-8724-00A0C9A8B90C}") = "Servicio_XynthesisOxe", "Servicio_XynthesisOxe\Servicio_XynthesisOxe.vdproj", "{139295ED-01F0-4BCA-8435-7B025D45F2BA}"
EndProject
Global
	GlobalSection(SubversionScc) = preSolution
		Svn-Managed = True
		Manager = AnkhSVN - Subversion Support for Visual Studio
	EndGlobalSection
	GlobalSection(SolutionConfigurationPlatforms) = preSolution
		Debug|Any CPU = Debug|Any CPU
		Debug|x64 = Debug|x64
		Debug|x86 = Debug|x86
		Release|Any CPU = Release|Any CPU
		Release|x64 = Release|x64
		Release|x86 = Release|x86
	EndGlobalSection
	GlobalSection(ProjectConfigurationPlatforms) = postSolution
		{9F56D2DA-4EA6-4B44-B43B-A8F82BC601D0}.Debug|Any CPU.ActiveCfg = Debug|Any CPU
		{9F56D2DA-4EA6-4B44-B43B-A8F82BC601D0}.Debug|Any CPU.Build.0 = Debug|Any CPU
		{9F56D2DA-4EA6-4B44-B43B-A8F82BC601D0}.Debug|x64.ActiveCfg = Debug|Any CPU
		{9F56D2DA-4EA6-4B44-B43B-A8F82BC601D0}.Debug|x64.Build.0 = Debug|Any CPU
		{9F56D2DA-4EA6-4B44-B43B-A8F82BC601D0}.Debug|x86.ActiveCfg = Debug|Any CPU
		{9F56D2DA-4EA6-4B44-B43B-A8F82BC601D0}.Debug|x86.Build.0 = Debug|Any CPU
		{9F56D2DA-4EA6-4B44-B43B-A8F82BC601D0}.Release|Any CPU.ActiveCfg = Release|Any CPU
		{9F56D2DA-4EA6-4B44-B43B-A8F82BC601D0}.Release|Any CPU.Build.0 = Release|Any CPU
		{9F56D2DA-4EA6-4B44-B43B-A8F82BC601D0}.Release|x64.ActiveCfg = Release|Any CPU
		{9F56D2DA-4EA6-4B44-B43B-A8F82BC601D0}.Release|x64.Build.0 = Release|Any CPU
		{9F56D2DA-4EA6-4B44-B43B-A8F82BC601D0}.Release|x86.ActiveCfg = Release|Any CPU
		{9F56D2DA-4EA6-4B44-B43B-A8F82BC601D0}.Release|x86.Build.0 = Release|Any CPU
		{C2EBA1A9-EAD6-46C8-802D-4268F304E111}.Debug|Any CPU.ActiveCfg = Debug|Any CPU
		{C2EBA1A9-EAD6-46C8-802D-4268F304E111}.Debug|Any CPU.Build.0 = Debug|Any CPU
		{C2EBA1A9-EAD6-46C8-802D-4268F304E111}.Debug|x64.ActiveCfg = Debug|Any CPU
		{C2EBA1A9-EAD6-46C8-802D-4268F304E111}.Debug|x64.Build.0 = Debug|Any CPU
		{C2EBA1A9-EAD6-46C8-802D-4268F304E111}.Debug|x86.ActiveCfg = Debug|Any CPU
		{C2EBA1A9-EAD6-46C8-802D-4268F304E111}.Debug|x86.Build.0 = Debug|Any CPU
		{C2EBA1A9-EAD6-46C8-802D-4268F304E111}.Release|Any CPU.ActiveCfg = Release|Any CPU
		{C2EBA1A9-EAD6-46C8-802D-4268F304E111}.Release|Any CPU.Build.0 = Release|Any CPU
		{C2EBA1A9-EAD6-46C8-802D-4268F304E111}.Release|x64.ActiveCfg = Release|Any CPU
		{C2EBA1A9-EAD6-46C8-802D-4268F304E111}.Release|x64.Build.0 = Release|Any CPU
		{C2EBA1A9-EAD6-46C8-802D-4268F304E111}.Release|x86.ActiveCfg = Release|Any CPU
		{C2EBA1A9-EAD6-46C8-802D-4268F304E111}.Release|x86.Build.0 = Release|Any CPU
		{191B23BC-32A1-468A-8C73-FDF13865EFAB}.Debug|Any CPU.ActiveCfg = Debug|Any CPU
		{191B23BC-32A1-468A-8C73-FDF13865EFAB}.Debug|Any CPU.Build.0 = Debug|Any CPU
		{191B23BC-32A1-468A-8C73-FDF13865EFAB}.Debug|x64.ActiveCfg = Debug|Any CPU
		{191B23BC-32A1-468A-8C73-FDF13865EFAB}.Debug|x64.Build.0 = Debug|Any CPU
		{191B23BC-32A1-468A-8C73-FDF13865EFAB}.Debug|x86.ActiveCfg = Debug|Any CPU
		{191B23BC-32A1-468A-8C73-FDF13865EFAB}.Debug|x86.Build.0 = Debug|Any CPU
		{191B23BC-32A1-468A-8C73-FDF13865EFAB}.Release|Any CPU.ActiveCfg = Release|Any CPU
		{191B23BC-32A1-468A-8C73-FDF13865EFAB}.Release|Any CPU.Build.0 = Release|Any CPU
		{191B23BC-32A1-468A-8C73-FDF13865EFAB}.Release|x64.ActiveCfg = Release|Any CPU
		{191B23BC-32A1-468A-8C73-FDF13865EFAB}.Release|x64.Build.0 = Release|Any CPU
		{191B23BC-32A1-468A-8C73-FDF13865EFAB}.Release|x86.ActiveCfg = Release|Any CPU
		{191B23BC-32A1-468A-8C73-FDF13865EFAB}.Release|x86.Build.0 = Release|Any CPU
		{00D02465-7021-4980-90AA-C751BDE153F9}.Debug|Any CPU.ActiveCfg = Debug|Any CPU
		{00D02465-7021-4980-90AA-C751BDE153F9}.Debug|Any CPU.Build.0 = Debug|Any CPU
		{00D02465-7021-4980-90AA-C751BDE153F9}.Debug|x64.ActiveCfg = Debug|Any CPU
		{00D02465-7021-4980-90AA-C751BDE153F9}.Debug|x64.Build.0 = Debug|Any CPU
		{00D02465-7021-4980-90AA-C751BDE153F9}.Debug|x86.ActiveCfg = Debug|Any CPU
		{00D02465-7021-4980-90AA-C751BDE153F9}.Debug|x86.Build.0 = Debug|Any CPU
		{00D02465-7021-4980-90AA-C751BDE153F9}.Release|Any CPU.ActiveCfg = Release|Any CPU
		{00D02465-7021-4980-90AA-C751BDE153F9}.Release|Any CPU.Build.0 = Release|Any CPU
		{00D02465-7021-4980-90AA-C751BDE153F9}.Release|x64.ActiveCfg = Release|Any CPU
		{00D02465-7021-4980-90AA-C751BDE153F9}.Release|x64.Build.0 = Release|Any CPU
		{00D02465-7021-4980-90AA-C751BDE153F9}.Release|x86.ActiveCfg = Release|Any CPU
		{00D02465-7021-4980-90AA-C751BDE153F9}.Release|x86.Build.0 = Release|Any CPU
		{240EEBA1-5731-4E2D-9A60-599B7E41F86C}.Debug|Any CPU.ActiveCfg = Debug|Any CPU
		{240EEBA1-5731-4E2D-9A60-599B7E41F86C}.Debug|Any CPU.Build.0 = Debug|Any CPU
		{240EEBA1-5731-4E2D-9A60-599B7E41F86C}.Debug|x64.ActiveCfg = Debug|Any CPU
		{240EEBA1-5731-4E2D-9A60-599B7E41F86C}.Debug|x64.Build.0 = Debug|Any CPU
		{240EEBA1-5731-4E2D-9A60-599B7E41F86C}.Debug|x86.ActiveCfg = Debug|Any CPU
		{240EEBA1-5731-4E2D-9A60-599B7E41F86C}.Debug|x86.Build.0 = Debug|Any CPU
		{240EEBA1-5731-4E2D-9A60-599B7E41F86C}.Release|Any CPU.ActiveCfg = Release|Any CPU
		{240EEBA1-5731-4E2D-9A60-599B7E41F86C}.Release|Any CPU.Build.0 = Release|Any CPU
		{240EEBA1-5731-4E2D-9A60-599B7E41F86C}.Release|x64.ActiveCfg = Release|Any CPU
		{240EEBA1-5731-4E2D-9A60-599B7E41F86C}.Release|x64.Build.0 = Release|Any CPU
		{240EEBA1-5731-4E2D-9A60-599B7E41F86C}.Release|x86.ActiveCfg = Release|Any CPU
		{240EEBA1-5731-4E2D-9A60-599B7E41F86C}.Release|x86.Build.0 = Release|Any CPU
		{4F22AFFD-0FEC-4FA7-8FA5-6D727ABD7657}.Debug|Any CPU.ActiveCfg = Debug|Any CPU
		{4F22AFFD-0FEC-4FA7-8FA5-6D727ABD7657}.Debug|Any CPU.Build.0 = Debug|Any CPU
		{4F22AFFD-0FEC-4FA7-8FA5-6D727ABD7657}.Debug|x64.ActiveCfg = Debug|Any CPU
		{4F22AFFD-0FEC-4FA7-8FA5-6D727ABD7657}.Debug|x64.Build.0 = Debug|Any CPU
		{4F22AFFD-0FEC-4FA7-8FA5-6D727ABD7657}.Debug|x86.ActiveCfg = Debug|Any CPU
		{4F22AFFD-0FEC-4FA7-8FA5-6D727ABD7657}.Debug|x86.Build.0 = Debug|Any CPU
		{4F22AFFD-0FEC-4FA7-8FA5-6D727ABD7657}.Release|Any CPU.ActiveCfg = Release|Any CPU
		{4F22AFFD-0FEC-4FA7-8FA5-6D727ABD7657}.Release|Any CPU.Build.0 = Release|Any CPU
		{4F22AFFD-0FEC-4FA7-8FA5-6D727ABD7657}.Release|x64.ActiveCfg = Release|Any CPU
		{4F22AFFD-0FEC-4FA7-8FA5-6D727ABD7657}.Release|x64.Build.0 = Release|Any CPU
		{4F22AFFD-0FEC-4FA7-8FA5-6D727ABD7657}.Release|x86.ActiveCfg = Release|Any CPU
		{4F22AFFD-0FEC-4FA7-8FA5-6D727ABD7657}.Release|x86.Build.0 = Release|Any CPU
		{79AE3C59-549A-4ECC-BECD-E19D9EEDA411}.Debug|Any CPU.ActiveCfg = Debug|Any CPU
		{79AE3C59-549A-4ECC-BECD-E19D9EEDA411}.Debug|Any CPU.Build.0 = Debug|Any CPU
		{79AE3C59-549A-4ECC-BECD-E19D9EEDA411}.Debug|x64.ActiveCfg = Debug|Any CPU
		{79AE3C59-549A-4ECC-BECD-E19D9EEDA411}.Debug|x64.Build.0 = Debug|Any CPU
		{79AE3C59-549A-4ECC-BECD-E19D9EEDA411}.Debug|x86.ActiveCfg = Debug|Any CPU
		{79AE3C59-549A-4ECC-BECD-E19D9EEDA411}.Debug|x86.Build.0 = Debug|Any CPU
		{79AE3C59-549A-4ECC-BECD-E19D9EEDA411}.Release|Any CPU.ActiveCfg = Release|Any CPU
		{79AE3C59-549A-4ECC-BECD-E19D9EEDA411}.Release|Any CPU.Build.0 = Release|Any CPU
		{79AE3C59-549A-4ECC-BECD-E19D9EEDA411}.Release|x64.ActiveCfg = Release|Any CPU
		{79AE3C59-549A-4ECC-BECD-E19D9EEDA411}.Release|x64.Build.0 = Release|Any CPU
		{79AE3C59-549A-4ECC-BECD-E19D9EEDA411}.Release|x86.ActiveCfg = Release|Any CPU
		{79AE3C59-549A-4ECC-BECD-E19D9EEDA411}.Release|x86.Build.0 = Release|Any CPU
		{139295ED-01F0-4BCA-8435-7B025D45F2BA}.Debug|Any CPU.ActiveCfg = Debug
		{139295ED-01F0-4BCA-8435-7B025D45F2BA}.Debug|x64.ActiveCfg = Debug
		{139295ED-01F0-4BCA-8435-7B025D45F2BA}.Debug|x86.ActiveCfg = Debug
		{139295ED-01F0-4BCA-8435-7B025D45F2BA}.Release|Any CPU.ActiveCfg = Release
		{139295ED-01F0-4BCA-8435-7B025D45F2BA}.Release|x64.ActiveCfg = Release
		{139295ED-01F0-4BCA-8435-7B025D45F2BA}.Release|x86.ActiveCfg = Release
	EndGlobalSection
	GlobalSection(SolutionProperties) = preSolution
		HideSolutionNode = FALSE
	EndGlobalSection
	GlobalSection(ExtensibilityGlobals) = postSolution
		SolutionGuid = {7A28E16B-A23B-45EB-8B87-CD42E7C3B19C}
	EndGlobalSection
EndGlobal
