
Microsoft Visual Studio Solution File, Format Version 12.00
# Visual Studio 15
VisualStudioVersion = 15.0.28010.0
MinimumVisualStudioVersion = 10.0.40219.1
Project("{FAE04EC0-301F-11D3-BF4B-00C04F79EFBC}") = "SwDeviceIpc", "SwDeviceIpc\SwDeviceIpc.csproj", "{9F56D2DA-4EA6-4B44-B43B-A8F82BC601D0}"
EndProject
Project("{FAE04EC0-301F-11D3-BF4B-00C04F79EFBC}") = "Axede.Xynthesis.IpcProcess", "Axede.Xynthesis.IpcProcess\Axede.Xynthesis.IpcProcess.csproj", "{79AE3C59-549A-4ECC-BECD-E19D9EEDA411}"
EndProject
Project("{FAE04EC0-301F-11D3-BF4B-00C04F79EFBC}") = "Axede.Xynthesis.Log", "..\..\Axede.Xynthesis.Device.Etrali\SwDeviceEtrali\Axede.Xynthesis.Log\Axede.Xynthesis.Log.csproj", "{410CBCE2-6BC1-4701-BA7F-7C0E4B8DFD81}"
EndProject
Project("{FAE04EC0-301F-11D3-BF4B-00C04F79EFBC}") = "CommonProcessLibrary", "..\..\Axede.Xynthesis.Device.Etrali\SwDeviceEtrali\CommonProcessLibrary\CommonProcessLibrary.csproj", "{92621593-BE17-4DB4-AD24-B2244D7EC3A2}"
EndProject
Project("{FAE04EC0-301F-11D3-BF4B-00C04F79EFBC}") = "WindowsTest", "WindowsTest\WindowsTest.csproj", "{C2EBA1A9-EAD6-46C8-802D-4268F304E111}"
EndProject
Project("{FAE04EC0-301F-11D3-BF4B-00C04F79EFBC}") = "Modelo", "Modelo\Modelo.csproj", "{191B23BC-32A1-468A-8C73-FDF13865EFAB}"
EndProject
Project("{FAE04EC0-301F-11D3-BF4B-00C04F79EFBC}") = "Axede.Xynthesis.ConnectToDBIpc", "Axede.Xynthesis.ConnectToDBIpc\Axede.Xynthesis.ConnectToDBIpc.csproj", "{00D02465-7021-4980-90AA-C751BDE153F9}"
EndProject
Project("{FAE04EC0-301F-11D3-BF4B-00C04F79EFBC}") = "ServicioXynthesis", "ServicioXynthesis\ServicioXynthesis.csproj", "{CDD2FA52-B0DF-4697-ABE4-4DE940B02A17}"
EndProject
Project("{FAE04EC0-301F-11D3-BF4B-00C04F79EFBC}") = "ServicioXynthesis.Utilidades", "Utilidades\ServicioXynthesis.Utilidades.csproj", "{F75CC74F-6410-4CE6-B8C5-FF3C7B0585B2}"
EndProject
Global
	GlobalSection(SolutionConfigurationPlatforms) = preSolution
		Debug|Any CPU = Debug|Any CPU
		Release|Any CPU = Release|Any CPU
	EndGlobalSection
	GlobalSection(ProjectConfigurationPlatforms) = postSolution
		{9F56D2DA-4EA6-4B44-B43B-A8F82BC601D0}.Debug|Any CPU.ActiveCfg = Debug|Any CPU
		{9F56D2DA-4EA6-4B44-B43B-A8F82BC601D0}.Debug|Any CPU.Build.0 = Debug|Any CPU
		{9F56D2DA-4EA6-4B44-B43B-A8F82BC601D0}.Release|Any CPU.ActiveCfg = Release|Any CPU
		{9F56D2DA-4EA6-4B44-B43B-A8F82BC601D0}.Release|Any CPU.Build.0 = Release|Any CPU
		{79AE3C59-549A-4ECC-BECD-E19D9EEDA411}.Debug|Any CPU.ActiveCfg = Debug|Any CPU
		{79AE3C59-549A-4ECC-BECD-E19D9EEDA411}.Debug|Any CPU.Build.0 = Debug|Any CPU
		{79AE3C59-549A-4ECC-BECD-E19D9EEDA411}.Release|Any CPU.ActiveCfg = Release|Any CPU
		{79AE3C59-549A-4ECC-BECD-E19D9EEDA411}.Release|Any CPU.Build.0 = Release|Any CPU
		{410CBCE2-6BC1-4701-BA7F-7C0E4B8DFD81}.Debug|Any CPU.ActiveCfg = Debug|Any CPU
		{410CBCE2-6BC1-4701-BA7F-7C0E4B8DFD81}.Debug|Any CPU.Build.0 = Debug|Any CPU
		{410CBCE2-6BC1-4701-BA7F-7C0E4B8DFD81}.Release|Any CPU.ActiveCfg = Release|Any CPU
		{410CBCE2-6BC1-4701-BA7F-7C0E4B8DFD81}.Release|Any CPU.Build.0 = Release|Any CPU
		{92621593-BE17-4DB4-AD24-B2244D7EC3A2}.Debug|Any CPU.ActiveCfg = Debug|Any CPU
		{92621593-BE17-4DB4-AD24-B2244D7EC3A2}.Debug|Any CPU.Build.0 = Debug|Any CPU
		{92621593-BE17-4DB4-AD24-B2244D7EC3A2}.Release|Any CPU.ActiveCfg = Release|Any CPU
		{92621593-BE17-4DB4-AD24-B2244D7EC3A2}.Release|Any CPU.Build.0 = Release|Any CPU
		{C2EBA1A9-EAD6-46C8-802D-4268F304E111}.Debug|Any CPU.ActiveCfg = Debug|Any CPU
		{C2EBA1A9-EAD6-46C8-802D-4268F304E111}.Debug|Any CPU.Build.0 = Debug|Any CPU
		{C2EBA1A9-EAD6-46C8-802D-4268F304E111}.Release|Any CPU.ActiveCfg = Release|Any CPU
		{C2EBA1A9-EAD6-46C8-802D-4268F304E111}.Release|Any CPU.Build.0 = Release|Any CPU
		{191B23BC-32A1-468A-8C73-FDF13865EFAB}.Debug|Any CPU.ActiveCfg = Debug|Any CPU
		{191B23BC-32A1-468A-8C73-FDF13865EFAB}.Debug|Any CPU.Build.0 = Debug|Any CPU
		{191B23BC-32A1-468A-8C73-FDF13865EFAB}.Release|Any CPU.ActiveCfg = Release|Any CPU
		{191B23BC-32A1-468A-8C73-FDF13865EFAB}.Release|Any CPU.Build.0 = Release|Any CPU
		{00D02465-7021-4980-90AA-C751BDE153F9}.Debug|Any CPU.ActiveCfg = Debug|Any CPU
		{00D02465-7021-4980-90AA-C751BDE153F9}.Debug|Any CPU.Build.0 = Debug|Any CPU
		{00D02465-7021-4980-90AA-C751BDE153F9}.Release|Any CPU.ActiveCfg = Release|Any CPU
		{00D02465-7021-4980-90AA-C751BDE153F9}.Release|Any CPU.Build.0 = Release|Any CPU
		{CDD2FA52-B0DF-4697-ABE4-4DE940B02A17}.Debug|Any CPU.ActiveCfg = Debug|Any CPU
		{CDD2FA52-B0DF-4697-ABE4-4DE940B02A17}.Debug|Any CPU.Build.0 = Debug|Any CPU
		{CDD2FA52-B0DF-4697-ABE4-4DE940B02A17}.Release|Any CPU.ActiveCfg = Release|Any CPU
		{CDD2FA52-B0DF-4697-ABE4-4DE940B02A17}.Release|Any CPU.Build.0 = Release|Any CPU
		{F75CC74F-6410-4CE6-B8C5-FF3C7B0585B2}.Debug|Any CPU.ActiveCfg = Debug|Any CPU
		{F75CC74F-6410-4CE6-B8C5-FF3C7B0585B2}.Debug|Any CPU.Build.0 = Debug|Any CPU
		{F75CC74F-6410-4CE6-B8C5-FF3C7B0585B2}.Release|Any CPU.ActiveCfg = Release|Any CPU
		{F75CC74F-6410-4CE6-B8C5-FF3C7B0585B2}.Release|Any CPU.Build.0 = Release|Any CPU
	EndGlobalSection
	GlobalSection(SolutionProperties) = preSolution
		HideSolutionNode = FALSE
	EndGlobalSection
	GlobalSection(ExtensibilityGlobals) = postSolution
		SolutionGuid = {7A28E16B-A23B-45EB-8B87-CD42E7C3B19C}
	EndGlobalSection
	GlobalSection(SubversionScc) = preSolution
		Svn-Managed = True
		Manager = AnkhSVN - Subversion Support for Visual Studio
	EndGlobalSection
EndGlobal
